
Microsoft Visual Studio Solution File, Format Version 12.00
# Visual Studio Version 17
VisualStudioVersion = 17.1.32228.430
MinimumVisualStudioVersion = 10.0.40219.1
Project("{9A19103F-16F7-4668-BE54-9A1E7A4F7556}") = "01. Number Pyramid", "01. Number Pyramid\01. Number Pyramid.csproj", "{BE68742C-AE48-4C1F-B99B-4ACFF460FFD6}"
EndProject
Project("{9A19103F-16F7-4668-BE54-9A1E7A4F7556}") = "02. Equal Sums Even Odd Position", "02. Equal Sums Even Odd Position\02. Equal Sums Even Odd Position.csproj", "{162A19C5-92FE-4E08-9D74-8580DBFDA2BF}"
EndProject
Project("{9A19103F-16F7-4668-BE54-9A1E7A4F7556}") = "03. Sum Prime Non Prime", "03. Sum Prime Non Prime\03. Sum Prime Non Prime.csproj", "{8080C898-0889-4C44-ADA1-ACFFB6984B94}"
EndProject
Project("{9A19103F-16F7-4668-BE54-9A1E7A4F7556}") = "04. Train The Trainers", "04. Train The Trainers\04. Train The Trainers.csproj", "{07744BED-589C-4511-A872-66166FF068E8}"
EndProject
Project("{FAE04EC0-301F-11D3-BF4B-00C04F79EFBC}") = "05. Special Numbers", "05. Special Numbers\05. Special Numbers.csproj", "{730DA8AA-0FEF-48F0-960C-B1C63174AE2D}"
EndProject
Project("{FAE04EC0-301F-11D3-BF4B-00C04F79EFBC}") = "06. Cinema Tickets", "06. Cinema Tickets\06. Cinema Tickets.csproj", "{BFC2706A-B039-47CB-8524-AFF51C4CB32E}"
EndProject
Global
	GlobalSection(SolutionConfigurationPlatforms) = preSolution
		Debug|Any CPU = Debug|Any CPU
		Release|Any CPU = Release|Any CPU
	EndGlobalSection
	GlobalSection(ProjectConfigurationPlatforms) = postSolution
		{BE68742C-AE48-4C1F-B99B-4ACFF460FFD6}.Debug|Any CPU.ActiveCfg = Debug|Any CPU
		{BE68742C-AE48-4C1F-B99B-4ACFF460FFD6}.Debug|Any CPU.Build.0 = Debug|Any CPU
		{BE68742C-AE48-4C1F-B99B-4ACFF460FFD6}.Release|Any CPU.ActiveCfg = Release|Any CPU
		{BE68742C-AE48-4C1F-B99B-4ACFF460FFD6}.Release|Any CPU.Build.0 = Release|Any CPU
		{162A19C5-92FE-4E08-9D74-8580DBFDA2BF}.Debug|Any CPU.ActiveCfg = Debug|Any CPU
		{162A19C5-92FE-4E08-9D74-8580DBFDA2BF}.Debug|Any CPU.Build.0 = Debug|Any CPU
		{162A19C5-92FE-4E08-9D74-8580DBFDA2BF}.Release|Any CPU.ActiveCfg = Release|Any CPU
		{162A19C5-92FE-4E08-9D74-8580DBFDA2BF}.Release|Any CPU.Build.0 = Release|Any CPU
		{8080C898-0889-4C44-ADA1-ACFFB6984B94}.Debug|Any CPU.ActiveCfg = Debug|Any CPU
		{8080C898-0889-4C44-ADA1-ACFFB6984B94}.Debug|Any CPU.Build.0 = Debug|Any CPU
		{8080C898-0889-4C44-ADA1-ACFFB6984B94}.Release|Any CPU.ActiveCfg = Release|Any CPU
		{8080C898-0889-4C44-ADA1-ACFFB6984B94}.Release|Any CPU.Build.0 = Release|Any CPU
		{07744BED-589C-4511-A872-66166FF068E8}.Debug|Any CPU.ActiveCfg = Debug|Any CPU
		{07744BED-589C-4511-A872-66166FF068E8}.Debug|Any CPU.Build.0 = Debug|Any CPU
		{07744BED-589C-4511-A872-66166FF068E8}.Release|Any CPU.ActiveCfg = Release|Any CPU
		{07744BED-589C-4511-A872-66166FF068E8}.Release|Any CPU.Build.0 = Release|Any CPU
		{730DA8AA-0FEF-48F0-960C-B1C63174AE2D}.Debug|Any CPU.ActiveCfg = Debug|Any CPU
		{730DA8AA-0FEF-48F0-960C-B1C63174AE2D}.Debug|Any CPU.Build.0 = Debug|Any CPU
		{730DA8AA-0FEF-48F0-960C-B1C63174AE2D}.Release|Any CPU.ActiveCfg = Release|Any CPU
		{730DA8AA-0FEF-48F0-960C-B1C63174AE2D}.Release|Any CPU.Build.0 = Release|Any CPU
		{BFC2706A-B039-47CB-8524-AFF51C4CB32E}.Debug|Any CPU.ActiveCfg = Debug|Any CPU
		{BFC2706A-B039-47CB-8524-AFF51C4CB32E}.Debug|Any CPU.Build.0 = Debug|Any CPU
		{BFC2706A-B039-47CB-8524-AFF51C4CB32E}.Release|Any CPU.ActiveCfg = Release|Any CPU
		{BFC2706A-B039-47CB-8524-AFF51C4CB32E}.Release|Any CPU.Build.0 = Release|Any CPU
	EndGlobalSection
	GlobalSection(SolutionProperties) = preSolution
		HideSolutionNode = FALSE
	EndGlobalSection
	GlobalSection(ExtensibilityGlobals) = postSolution
		SolutionGuid = {DBF3C487-CDE0-450F-9AA1-A24486F59B47}
	EndGlobalSection
EndGlobal
