
Microsoft Visual Studio Solution File, Format Version 12.00
# Visual Studio Version 17
VisualStudioVersion = 17.5.33502.453
MinimumVisualStudioVersion = 10.0.40219.1
Project("{9A19103F-16F7-4668-BE54-9A1E7A4F7556}") = "01. Car", "01. Car\01. Car.csproj", "{30466DCE-FCCA-40DD-962C-BA548554DB49}"
EndProject
Project("{9A19103F-16F7-4668-BE54-9A1E7A4F7556}") = "02. Car Extension", "02. Car Extension\02. Car Extension.csproj", "{D1245E9D-4530-410E-9BBF-358E1A64D2BC}"
EndProject
Project("{9A19103F-16F7-4668-BE54-9A1E7A4F7556}") = "03. Car Constructors", "03. Car Constructors\03. Car Constructors.csproj", "{72CCC067-5BAB-4F3E-A89F-D7B1A8D7598D}"
EndProject
Project("{FAE04EC0-301F-11D3-BF4B-00C04F79EFBC}") = "04. Car Engine And Tires", "04. Car Engine And Tires\04. Car Engine And Tires.csproj", "{4545BA84-F962-402C-A5A4-7536C94A7DA1}"
EndProject
Project("{FAE04EC0-301F-11D3-BF4B-00C04F79EFBC}") = "05. Special Cars", "05. Special Cars\05. Special Cars.csproj", "{C9112045-22AD-467F-B54D-F6146BFF4DAF}"
EndProject
Global
	GlobalSection(SolutionConfigurationPlatforms) = preSolution
		Debug|Any CPU = Debug|Any CPU
		Release|Any CPU = Release|Any CPU
	EndGlobalSection
	GlobalSection(ProjectConfigurationPlatforms) = postSolution
		{30466DCE-FCCA-40DD-962C-BA548554DB49}.Debug|Any CPU.ActiveCfg = Debug|Any CPU
		{30466DCE-FCCA-40DD-962C-BA548554DB49}.Debug|Any CPU.Build.0 = Debug|Any CPU
		{30466DCE-FCCA-40DD-962C-BA548554DB49}.Release|Any CPU.ActiveCfg = Release|Any CPU
		{30466DCE-FCCA-40DD-962C-BA548554DB49}.Release|Any CPU.Build.0 = Release|Any CPU
		{D1245E9D-4530-410E-9BBF-358E1A64D2BC}.Debug|Any CPU.ActiveCfg = Debug|Any CPU
		{D1245E9D-4530-410E-9BBF-358E1A64D2BC}.Debug|Any CPU.Build.0 = Debug|Any CPU
		{D1245E9D-4530-410E-9BBF-358E1A64D2BC}.Release|Any CPU.ActiveCfg = Release|Any CPU
		{D1245E9D-4530-410E-9BBF-358E1A64D2BC}.Release|Any CPU.Build.0 = Release|Any CPU
		{72CCC067-5BAB-4F3E-A89F-D7B1A8D7598D}.Debug|Any CPU.ActiveCfg = Debug|Any CPU
		{72CCC067-5BAB-4F3E-A89F-D7B1A8D7598D}.Debug|Any CPU.Build.0 = Debug|Any CPU
		{72CCC067-5BAB-4F3E-A89F-D7B1A8D7598D}.Release|Any CPU.ActiveCfg = Release|Any CPU
		{72CCC067-5BAB-4F3E-A89F-D7B1A8D7598D}.Release|Any CPU.Build.0 = Release|Any CPU
		{4545BA84-F962-402C-A5A4-7536C94A7DA1}.Debug|Any CPU.ActiveCfg = Debug|Any CPU
		{4545BA84-F962-402C-A5A4-7536C94A7DA1}.Debug|Any CPU.Build.0 = Debug|Any CPU
		{4545BA84-F962-402C-A5A4-7536C94A7DA1}.Release|Any CPU.ActiveCfg = Release|Any CPU
		{4545BA84-F962-402C-A5A4-7536C94A7DA1}.Release|Any CPU.Build.0 = Release|Any CPU
		{C9112045-22AD-467F-B54D-F6146BFF4DAF}.Debug|Any CPU.ActiveCfg = Debug|Any CPU
		{C9112045-22AD-467F-B54D-F6146BFF4DAF}.Debug|Any CPU.Build.0 = Debug|Any CPU
		{C9112045-22AD-467F-B54D-F6146BFF4DAF}.Release|Any CPU.ActiveCfg = Release|Any CPU
		{C9112045-22AD-467F-B54D-F6146BFF4DAF}.Release|Any CPU.Build.0 = Release|Any CPU
	EndGlobalSection
	GlobalSection(SolutionProperties) = preSolution
		HideSolutionNode = FALSE
	EndGlobalSection
	GlobalSection(ExtensibilityGlobals) = postSolution
		SolutionGuid = {CCA60C87-2808-4971-B3BC-2C1F14B491B9}
	EndGlobalSection
EndGlobal
