
Microsoft Visual Studio Solution File, Format Version 12.00
# Visual Studio Version 17
VisualStudioVersion = 17.6.33815.320
MinimumVisualStudioVersion = 10.0.40219.1
Project("{FAE04EC0-301F-11D3-BF4B-00C04F79EFBC}") = "01. Single Inheritance", "01.Single Inheritance\01. Single Inheritance.csproj", "{FA550A8A-814B-4CE7-BEA5-F0C2430090A9}"
EndProject
Project("{FAE04EC0-301F-11D3-BF4B-00C04F79EFBC}") = "02. Multiple Inheritance", "02.Multiple Inheritance\02. Multiple Inheritance.csproj", "{6F13AC29-8094-49B5-A4FA-2035D512B1D1}"
EndProject
Project("{FAE04EC0-301F-11D3-BF4B-00C04F79EFBC}") = "03. Hierarchical Inheritance", "03.Hierarchical Inheritance\03. Hierarchical Inheritance.csproj", "{26579749-4A41-4871-A3B1-C97EFE0E9D07}"
EndProject
Project("{FAE04EC0-301F-11D3-BF4B-00C04F79EFBC}") = "04. Random List", "04. Random List\04. Random List.csproj", "{25CE5A0D-7D7F-4309-ACD3-F2110206476C}"
EndProject
Project("{FAE04EC0-301F-11D3-BF4B-00C04F79EFBC}") = "05.Stack of Strings", "05.Stack of Strings\05.Stack of Strings.csproj", "{10281530-1A0E-4990-9B5E-A9D10F1658C2}"
EndProject
Global
	GlobalSection(SolutionConfigurationPlatforms) = preSolution
		Debug|Any CPU = Debug|Any CPU
		Release|Any CPU = Release|Any CPU
	EndGlobalSection
	GlobalSection(ProjectConfigurationPlatforms) = postSolution
		{FA550A8A-814B-4CE7-BEA5-F0C2430090A9}.Debug|Any CPU.ActiveCfg = Debug|Any CPU
		{FA550A8A-814B-4CE7-BEA5-F0C2430090A9}.Debug|Any CPU.Build.0 = Debug|Any CPU
		{FA550A8A-814B-4CE7-BEA5-F0C2430090A9}.Release|Any CPU.ActiveCfg = Release|Any CPU
		{FA550A8A-814B-4CE7-BEA5-F0C2430090A9}.Release|Any CPU.Build.0 = Release|Any CPU
		{6F13AC29-8094-49B5-A4FA-2035D512B1D1}.Debug|Any CPU.ActiveCfg = Debug|Any CPU
		{6F13AC29-8094-49B5-A4FA-2035D512B1D1}.Debug|Any CPU.Build.0 = Debug|Any CPU
		{6F13AC29-8094-49B5-A4FA-2035D512B1D1}.Release|Any CPU.ActiveCfg = Release|Any CPU
		{6F13AC29-8094-49B5-A4FA-2035D512B1D1}.Release|Any CPU.Build.0 = Release|Any CPU
		{26579749-4A41-4871-A3B1-C97EFE0E9D07}.Debug|Any CPU.ActiveCfg = Debug|Any CPU
		{26579749-4A41-4871-A3B1-C97EFE0E9D07}.Debug|Any CPU.Build.0 = Debug|Any CPU
		{26579749-4A41-4871-A3B1-C97EFE0E9D07}.Release|Any CPU.ActiveCfg = Release|Any CPU
		{26579749-4A41-4871-A3B1-C97EFE0E9D07}.Release|Any CPU.Build.0 = Release|Any CPU
		{25CE5A0D-7D7F-4309-ACD3-F2110206476C}.Debug|Any CPU.ActiveCfg = Debug|Any CPU
		{25CE5A0D-7D7F-4309-ACD3-F2110206476C}.Debug|Any CPU.Build.0 = Debug|Any CPU
		{25CE5A0D-7D7F-4309-ACD3-F2110206476C}.Release|Any CPU.ActiveCfg = Release|Any CPU
		{25CE5A0D-7D7F-4309-ACD3-F2110206476C}.Release|Any CPU.Build.0 = Release|Any CPU
		{10281530-1A0E-4990-9B5E-A9D10F1658C2}.Debug|Any CPU.ActiveCfg = Debug|Any CPU
		{10281530-1A0E-4990-9B5E-A9D10F1658C2}.Debug|Any CPU.Build.0 = Debug|Any CPU
		{10281530-1A0E-4990-9B5E-A9D10F1658C2}.Release|Any CPU.ActiveCfg = Release|Any CPU
		{10281530-1A0E-4990-9B5E-A9D10F1658C2}.Release|Any CPU.Build.0 = Release|Any CPU
	EndGlobalSection
	GlobalSection(SolutionProperties) = preSolution
		HideSolutionNode = FALSE
	EndGlobalSection
	GlobalSection(ExtensibilityGlobals) = postSolution
		SolutionGuid = {ACFBC5DE-2EA3-4AE5-96B3-19F6275B66B0}
	EndGlobalSection
EndGlobal
