
Microsoft Visual Studio Solution File, Format Version 12.00
# Visual Studio Version 17
VisualStudioVersion = 17.5.33502.453
MinimumVisualStudioVersion = 10.0.40219.1
Project("{9A19103F-16F7-4668-BE54-9A1E7A4F7556}") = "01. Basic Stack Operations", "01. Basic Stack Operations\01. Basic Stack Operations.csproj", "{63B58521-1F35-44F8-8DA5-9179B1216568}"
EndProject
Project("{9A19103F-16F7-4668-BE54-9A1E7A4F7556}") = "02. Basic Queue Operations", "02. Basic Queue Operations\02. Basic Queue Operations.csproj", "{DC0DDB0A-BBA0-4B7E-9F97-78B261C63EAE}"
EndProject
Project("{9A19103F-16F7-4668-BE54-9A1E7A4F7556}") = "03. Maximum and Minimum Element", "03. Maximum and Minimum Element\03. Maximum and Minimum Element.csproj", "{A02F88DD-ACDB-4170-A6FF-F5863332ADA3}"
EndProject
Project("{9A19103F-16F7-4668-BE54-9A1E7A4F7556}") = "04. Fast Food", "04. Fast Food\04. Fast Food.csproj", "{B046E5D4-71EF-48F2-ABE6-BA5EE31CDC11}"
EndProject
Project("{9A19103F-16F7-4668-BE54-9A1E7A4F7556}") = "05. Fashion Boutique", "05. Fashion Boutique\05. Fashion Boutique.csproj", "{5FB06F4D-6185-43A1-8660-EEB8E3A21F63}"
EndProject
Project("{9A19103F-16F7-4668-BE54-9A1E7A4F7556}") = "06. Songs Queue", "06. Songs Queue\06. Songs Queue.csproj", "{148218D3-058F-4B2C-8D72-7F944312DDBD}"
EndProject
Project("{9A19103F-16F7-4668-BE54-9A1E7A4F7556}") = "07. Truck Tour", "07. Truck Tour\07. Truck Tour.csproj", "{481D3BE5-59E6-472E-A507-D1DCA39232FC}"
EndProject
Project("{9A19103F-16F7-4668-BE54-9A1E7A4F7556}") = "08. Balanced Parenthesis", "08. Balanced Parenthesis\08. Balanced Parenthesis.csproj", "{45F7A9DE-26B9-4408-843C-F63C196CA1D8}"
EndProject
Project("{9A19103F-16F7-4668-BE54-9A1E7A4F7556}") = "09. Simple Text Editor", "09. Simple Text Editor\09. Simple Text Editor.csproj", "{04BF0E65-F10C-47EB-89C5-6E1567A7F729}"
EndProject
Project("{9A19103F-16F7-4668-BE54-9A1E7A4F7556}") = "10. Crossroads", "10. Crossroads\10. Crossroads.csproj", "{28E4FAAF-F9BC-4E80-94B6-5A18AA637740}"
EndProject
Project("{9A19103F-16F7-4668-BE54-9A1E7A4F7556}") = "11. Key Revolver", "11. Key Revolver\11. Key Revolver.csproj", "{042CC1F0-F3FF-44D7-8371-3A43B36FD1B1}"
EndProject
Project("{FAE04EC0-301F-11D3-BF4B-00C04F79EFBC}") = "12. Cups and Bottles", "12. Cups and Bottles\12. Cups and Bottles.csproj", "{C2590744-B593-48C9-9A44-0A17173E9DDD}"
EndProject
Global
	GlobalSection(SolutionConfigurationPlatforms) = preSolution
		Debug|Any CPU = Debug|Any CPU
		Release|Any CPU = Release|Any CPU
	EndGlobalSection
	GlobalSection(ProjectConfigurationPlatforms) = postSolution
		{63B58521-1F35-44F8-8DA5-9179B1216568}.Debug|Any CPU.ActiveCfg = Debug|Any CPU
		{63B58521-1F35-44F8-8DA5-9179B1216568}.Debug|Any CPU.Build.0 = Debug|Any CPU
		{63B58521-1F35-44F8-8DA5-9179B1216568}.Release|Any CPU.ActiveCfg = Release|Any CPU
		{63B58521-1F35-44F8-8DA5-9179B1216568}.Release|Any CPU.Build.0 = Release|Any CPU
		{DC0DDB0A-BBA0-4B7E-9F97-78B261C63EAE}.Debug|Any CPU.ActiveCfg = Debug|Any CPU
		{DC0DDB0A-BBA0-4B7E-9F97-78B261C63EAE}.Debug|Any CPU.Build.0 = Debug|Any CPU
		{DC0DDB0A-BBA0-4B7E-9F97-78B261C63EAE}.Release|Any CPU.ActiveCfg = Release|Any CPU
		{DC0DDB0A-BBA0-4B7E-9F97-78B261C63EAE}.Release|Any CPU.Build.0 = Release|Any CPU
		{A02F88DD-ACDB-4170-A6FF-F5863332ADA3}.Debug|Any CPU.ActiveCfg = Debug|Any CPU
		{A02F88DD-ACDB-4170-A6FF-F5863332ADA3}.Debug|Any CPU.Build.0 = Debug|Any CPU
		{A02F88DD-ACDB-4170-A6FF-F5863332ADA3}.Release|Any CPU.ActiveCfg = Release|Any CPU
		{A02F88DD-ACDB-4170-A6FF-F5863332ADA3}.Release|Any CPU.Build.0 = Release|Any CPU
		{B046E5D4-71EF-48F2-ABE6-BA5EE31CDC11}.Debug|Any CPU.ActiveCfg = Debug|Any CPU
		{B046E5D4-71EF-48F2-ABE6-BA5EE31CDC11}.Debug|Any CPU.Build.0 = Debug|Any CPU
		{B046E5D4-71EF-48F2-ABE6-BA5EE31CDC11}.Release|Any CPU.ActiveCfg = Release|Any CPU
		{B046E5D4-71EF-48F2-ABE6-BA5EE31CDC11}.Release|Any CPU.Build.0 = Release|Any CPU
		{5FB06F4D-6185-43A1-8660-EEB8E3A21F63}.Debug|Any CPU.ActiveCfg = Debug|Any CPU
		{5FB06F4D-6185-43A1-8660-EEB8E3A21F63}.Debug|Any CPU.Build.0 = Debug|Any CPU
		{5FB06F4D-6185-43A1-8660-EEB8E3A21F63}.Release|Any CPU.ActiveCfg = Release|Any CPU
		{5FB06F4D-6185-43A1-8660-EEB8E3A21F63}.Release|Any CPU.Build.0 = Release|Any CPU
		{148218D3-058F-4B2C-8D72-7F944312DDBD}.Debug|Any CPU.ActiveCfg = Debug|Any CPU
		{148218D3-058F-4B2C-8D72-7F944312DDBD}.Debug|Any CPU.Build.0 = Debug|Any CPU
		{148218D3-058F-4B2C-8D72-7F944312DDBD}.Release|Any CPU.ActiveCfg = Release|Any CPU
		{148218D3-058F-4B2C-8D72-7F944312DDBD}.Release|Any CPU.Build.0 = Release|Any CPU
		{481D3BE5-59E6-472E-A507-D1DCA39232FC}.Debug|Any CPU.ActiveCfg = Debug|Any CPU
		{481D3BE5-59E6-472E-A507-D1DCA39232FC}.Debug|Any CPU.Build.0 = Debug|Any CPU
		{481D3BE5-59E6-472E-A507-D1DCA39232FC}.Release|Any CPU.ActiveCfg = Release|Any CPU
		{481D3BE5-59E6-472E-A507-D1DCA39232FC}.Release|Any CPU.Build.0 = Release|Any CPU
		{45F7A9DE-26B9-4408-843C-F63C196CA1D8}.Debug|Any CPU.ActiveCfg = Debug|Any CPU
		{45F7A9DE-26B9-4408-843C-F63C196CA1D8}.Debug|Any CPU.Build.0 = Debug|Any CPU
		{45F7A9DE-26B9-4408-843C-F63C196CA1D8}.Release|Any CPU.ActiveCfg = Release|Any CPU
		{45F7A9DE-26B9-4408-843C-F63C196CA1D8}.Release|Any CPU.Build.0 = Release|Any CPU
		{04BF0E65-F10C-47EB-89C5-6E1567A7F729}.Debug|Any CPU.ActiveCfg = Debug|Any CPU
		{04BF0E65-F10C-47EB-89C5-6E1567A7F729}.Debug|Any CPU.Build.0 = Debug|Any CPU
		{04BF0E65-F10C-47EB-89C5-6E1567A7F729}.Release|Any CPU.ActiveCfg = Release|Any CPU
		{04BF0E65-F10C-47EB-89C5-6E1567A7F729}.Release|Any CPU.Build.0 = Release|Any CPU
		{28E4FAAF-F9BC-4E80-94B6-5A18AA637740}.Debug|Any CPU.ActiveCfg = Debug|Any CPU
		{28E4FAAF-F9BC-4E80-94B6-5A18AA637740}.Debug|Any CPU.Build.0 = Debug|Any CPU
		{28E4FAAF-F9BC-4E80-94B6-5A18AA637740}.Release|Any CPU.ActiveCfg = Release|Any CPU
		{28E4FAAF-F9BC-4E80-94B6-5A18AA637740}.Release|Any CPU.Build.0 = Release|Any CPU
		{042CC1F0-F3FF-44D7-8371-3A43B36FD1B1}.Debug|Any CPU.ActiveCfg = Debug|Any CPU
		{042CC1F0-F3FF-44D7-8371-3A43B36FD1B1}.Debug|Any CPU.Build.0 = Debug|Any CPU
		{042CC1F0-F3FF-44D7-8371-3A43B36FD1B1}.Release|Any CPU.ActiveCfg = Release|Any CPU
		{042CC1F0-F3FF-44D7-8371-3A43B36FD1B1}.Release|Any CPU.Build.0 = Release|Any CPU
		{C2590744-B593-48C9-9A44-0A17173E9DDD}.Debug|Any CPU.ActiveCfg = Debug|Any CPU
		{C2590744-B593-48C9-9A44-0A17173E9DDD}.Debug|Any CPU.Build.0 = Debug|Any CPU
		{C2590744-B593-48C9-9A44-0A17173E9DDD}.Release|Any CPU.ActiveCfg = Release|Any CPU
		{C2590744-B593-48C9-9A44-0A17173E9DDD}.Release|Any CPU.Build.0 = Release|Any CPU
	EndGlobalSection
	GlobalSection(SolutionProperties) = preSolution
		HideSolutionNode = FALSE
	EndGlobalSection
	GlobalSection(ExtensibilityGlobals) = postSolution
		SolutionGuid = {A399B79F-88CF-40CC-B5D7-0C372070993D}
	EndGlobalSection
EndGlobal
