
Microsoft Visual Studio Solution File, Format Version 12.00
# Visual Studio Version 17
VisualStudioVersion = 17.5.33502.453
MinimumVisualStudioVersion = 10.0.40219.1
Project("{FAE04EC0-301F-11D3-BF4B-00C04F79EFBC}") = "01. Action Print", "01. Action Print\01. Action Print.csproj", "{B81F6642-5EFA-4606-B3C2-A30E4ED392CF}"
EndProject
Project("{FAE04EC0-301F-11D3-BF4B-00C04F79EFBC}") = "02. Knights of Honor", "02. Knights of Honor\02. Knights of Honor.csproj", "{E78E733E-DE7C-4BD1-A460-F4636482AB6E}"
EndProject
Project("{FAE04EC0-301F-11D3-BF4B-00C04F79EFBC}") = "03. Custom Min Function", "03. Custom Min Function\03. Custom Min Function.csproj", "{688A51FA-3CAA-401F-8874-62B2F0F730DC}"
EndProject
Project("{FAE04EC0-301F-11D3-BF4B-00C04F79EFBC}") = "04. Find Evens or Odds", "04. Find Evens or Odds\04. Find Evens or Odds.csproj", "{5759DFFF-A4C4-45CB-BC71-CE7DB6A5E769}"
EndProject
Project("{FAE04EC0-301F-11D3-BF4B-00C04F79EFBC}") = "05. Applied Arithmetics", "05. Applied Arithmetics\05. Applied Arithmetics.csproj", "{C9053417-D84E-43C5-8794-12D26152D392}"
EndProject
Project("{FAE04EC0-301F-11D3-BF4B-00C04F79EFBC}") = "06. Reverse And Exclude", "06. Reverse And Exclude\06. Reverse And Exclude.csproj", "{56A8507F-588C-4C1F-80E0-FAE04645B44C}"
EndProject
Project("{FAE04EC0-301F-11D3-BF4B-00C04F79EFBC}") = "07. Predicate For Names", "07. Predicate For Names\07. Predicate For Names.csproj", "{08CF24AE-9942-48C9-997A-5A0D0EB1695D}"
EndProject
Project("{FAE04EC0-301F-11D3-BF4B-00C04F79EFBC}") = "08. List Of Predicates", "08. List Of Predicates\08. List Of Predicates.csproj", "{3E4F4A15-31AA-44A5-9738-A4F7F585EDFE}"
EndProject
Project("{FAE04EC0-301F-11D3-BF4B-00C04F79EFBC}") = "09. Predicate Party!", "09. Predicate Party!\09. Predicate Party!.csproj", "{00B72732-34C2-4BA4-872D-FFFB3C0CDEF3}"
EndProject
Project("{FAE04EC0-301F-11D3-BF4B-00C04F79EFBC}") = "10. The Party Reservation Filter Module", "10. The Party Reservation Filter Module\10. The Party Reservation Filter Module.csproj", "{884225AD-D0FD-4651-ABC1-BD5618A6641B}"
EndProject
Project("{FAE04EC0-301F-11D3-BF4B-00C04F79EFBC}") = "11. TriFunction", "11. TriFunction\11. TriFunction.csproj", "{60DF879C-F1FE-4479-95E6-236D5864A707}"
EndProject
Global
	GlobalSection(SolutionConfigurationPlatforms) = preSolution
		Debug|Any CPU = Debug|Any CPU
		Release|Any CPU = Release|Any CPU
	EndGlobalSection
	GlobalSection(ProjectConfigurationPlatforms) = postSolution
		{B81F6642-5EFA-4606-B3C2-A30E4ED392CF}.Debug|Any CPU.ActiveCfg = Debug|Any CPU
		{B81F6642-5EFA-4606-B3C2-A30E4ED392CF}.Debug|Any CPU.Build.0 = Debug|Any CPU
		{B81F6642-5EFA-4606-B3C2-A30E4ED392CF}.Release|Any CPU.ActiveCfg = Release|Any CPU
		{B81F6642-5EFA-4606-B3C2-A30E4ED392CF}.Release|Any CPU.Build.0 = Release|Any CPU
		{E78E733E-DE7C-4BD1-A460-F4636482AB6E}.Debug|Any CPU.ActiveCfg = Debug|Any CPU
		{E78E733E-DE7C-4BD1-A460-F4636482AB6E}.Debug|Any CPU.Build.0 = Debug|Any CPU
		{E78E733E-DE7C-4BD1-A460-F4636482AB6E}.Release|Any CPU.ActiveCfg = Release|Any CPU
		{E78E733E-DE7C-4BD1-A460-F4636482AB6E}.Release|Any CPU.Build.0 = Release|Any CPU
		{688A51FA-3CAA-401F-8874-62B2F0F730DC}.Debug|Any CPU.ActiveCfg = Debug|Any CPU
		{688A51FA-3CAA-401F-8874-62B2F0F730DC}.Debug|Any CPU.Build.0 = Debug|Any CPU
		{688A51FA-3CAA-401F-8874-62B2F0F730DC}.Release|Any CPU.ActiveCfg = Release|Any CPU
		{688A51FA-3CAA-401F-8874-62B2F0F730DC}.Release|Any CPU.Build.0 = Release|Any CPU
		{5759DFFF-A4C4-45CB-BC71-CE7DB6A5E769}.Debug|Any CPU.ActiveCfg = Debug|Any CPU
		{5759DFFF-A4C4-45CB-BC71-CE7DB6A5E769}.Debug|Any CPU.Build.0 = Debug|Any CPU
		{5759DFFF-A4C4-45CB-BC71-CE7DB6A5E769}.Release|Any CPU.ActiveCfg = Release|Any CPU
		{5759DFFF-A4C4-45CB-BC71-CE7DB6A5E769}.Release|Any CPU.Build.0 = Release|Any CPU
		{C9053417-D84E-43C5-8794-12D26152D392}.Debug|Any CPU.ActiveCfg = Debug|Any CPU
		{C9053417-D84E-43C5-8794-12D26152D392}.Debug|Any CPU.Build.0 = Debug|Any CPU
		{C9053417-D84E-43C5-8794-12D26152D392}.Release|Any CPU.ActiveCfg = Release|Any CPU
		{C9053417-D84E-43C5-8794-12D26152D392}.Release|Any CPU.Build.0 = Release|Any CPU
		{56A8507F-588C-4C1F-80E0-FAE04645B44C}.Debug|Any CPU.ActiveCfg = Debug|Any CPU
		{56A8507F-588C-4C1F-80E0-FAE04645B44C}.Debug|Any CPU.Build.0 = Debug|Any CPU
		{56A8507F-588C-4C1F-80E0-FAE04645B44C}.Release|Any CPU.ActiveCfg = Release|Any CPU
		{56A8507F-588C-4C1F-80E0-FAE04645B44C}.Release|Any CPU.Build.0 = Release|Any CPU
		{08CF24AE-9942-48C9-997A-5A0D0EB1695D}.Debug|Any CPU.ActiveCfg = Debug|Any CPU
		{08CF24AE-9942-48C9-997A-5A0D0EB1695D}.Debug|Any CPU.Build.0 = Debug|Any CPU
		{08CF24AE-9942-48C9-997A-5A0D0EB1695D}.Release|Any CPU.ActiveCfg = Release|Any CPU
		{08CF24AE-9942-48C9-997A-5A0D0EB1695D}.Release|Any CPU.Build.0 = Release|Any CPU
		{3E4F4A15-31AA-44A5-9738-A4F7F585EDFE}.Debug|Any CPU.ActiveCfg = Debug|Any CPU
		{3E4F4A15-31AA-44A5-9738-A4F7F585EDFE}.Debug|Any CPU.Build.0 = Debug|Any CPU
		{3E4F4A15-31AA-44A5-9738-A4F7F585EDFE}.Release|Any CPU.ActiveCfg = Release|Any CPU
		{3E4F4A15-31AA-44A5-9738-A4F7F585EDFE}.Release|Any CPU.Build.0 = Release|Any CPU
		{00B72732-34C2-4BA4-872D-FFFB3C0CDEF3}.Debug|Any CPU.ActiveCfg = Debug|Any CPU
		{00B72732-34C2-4BA4-872D-FFFB3C0CDEF3}.Debug|Any CPU.Build.0 = Debug|Any CPU
		{00B72732-34C2-4BA4-872D-FFFB3C0CDEF3}.Release|Any CPU.ActiveCfg = Release|Any CPU
		{00B72732-34C2-4BA4-872D-FFFB3C0CDEF3}.Release|Any CPU.Build.0 = Release|Any CPU
		{884225AD-D0FD-4651-ABC1-BD5618A6641B}.Debug|Any CPU.ActiveCfg = Debug|Any CPU
		{884225AD-D0FD-4651-ABC1-BD5618A6641B}.Debug|Any CPU.Build.0 = Debug|Any CPU
		{884225AD-D0FD-4651-ABC1-BD5618A6641B}.Release|Any CPU.ActiveCfg = Release|Any CPU
		{884225AD-D0FD-4651-ABC1-BD5618A6641B}.Release|Any CPU.Build.0 = Release|Any CPU
		{60DF879C-F1FE-4479-95E6-236D5864A707}.Debug|Any CPU.ActiveCfg = Debug|Any CPU
		{60DF879C-F1FE-4479-95E6-236D5864A707}.Debug|Any CPU.Build.0 = Debug|Any CPU
		{60DF879C-F1FE-4479-95E6-236D5864A707}.Release|Any CPU.ActiveCfg = Release|Any CPU
		{60DF879C-F1FE-4479-95E6-236D5864A707}.Release|Any CPU.Build.0 = Release|Any CPU
	EndGlobalSection
	GlobalSection(SolutionProperties) = preSolution
		HideSolutionNode = FALSE
	EndGlobalSection
	GlobalSection(ExtensibilityGlobals) = postSolution
		SolutionGuid = {B63CAAB5-B11D-46FC-9A30-2FA39B2617B0}
	EndGlobalSection
EndGlobal
