
Microsoft Visual Studio Solution File, Format Version 12.00
# Visual Studio Version 17
VisualStudioVersion = 17.1.32228.430
MinimumVisualStudioVersion = 10.0.40219.1
Project("{9A19103F-16F7-4668-BE54-9A1E7A4F7556}") = "01. Sum Seconds", "01. Sum Seconds\01. Sum Seconds.csproj", "{D64F4CAA-75FD-4F44-85A4-B2EEAA241646}"
EndProject
Project("{9A19103F-16F7-4668-BE54-9A1E7A4F7556}") = "02. Bonus Score", "02. Bonus Score\02. Bonus Score.csproj", "{D0AA5EB5-1830-4D48-B2A2-267D14592826}"
EndProject
Project("{FAE04EC0-301F-11D3-BF4B-00C04F79EFBC}") = "03. Time + 15 Minutes", "03. Time + 15 Minutes\03. Time + 15 Minutes.csproj", "{6F72510C-FC2E-4F76-AA22-26730754C59C}"
EndProject
Project("{FAE04EC0-301F-11D3-BF4B-00C04F79EFBC}") = "04. Toy Shop", "04. Toy Shop\04. Toy Shop.csproj", "{5BDE6FAE-DF83-4663-9B02-E19A442087E5}"
EndProject
Project("{FAE04EC0-301F-11D3-BF4B-00C04F79EFBC}") = "05. Godzilla vs. Kong", "05. Godzilla vs. Kong\05. Godzilla vs. Kong.csproj", "{1973686B-840C-40F7-8CA1-588CE3D6D163}"
EndProject
Project("{FAE04EC0-301F-11D3-BF4B-00C04F79EFBC}") = "06. World Swimming Record", "06. World Swimming Record\06. World Swimming Record.csproj", "{6107BAD1-5EB7-4985-9AC8-104050A3DCCF}"
EndProject
Project("{FAE04EC0-301F-11D3-BF4B-00C04F79EFBC}") = "07. Shopping", "07. Shopping\07. Shopping.csproj", "{33B3117D-B473-483C-93EE-7560C06ED906}"
EndProject
Project("{FAE04EC0-301F-11D3-BF4B-00C04F79EFBC}") = "07. Shopping - Alternative", "07. Shopping - Alternative\07. Shopping - Alternative.csproj", "{0ADBCC60-5198-4D33-B36B-4AF9D6B69147}"
EndProject
Project("{FAE04EC0-301F-11D3-BF4B-00C04F79EFBC}") = "08. Lunch Break", "08. Lunch Break\08. Lunch Break.csproj", "{35FE26DC-CC46-4375-9B2E-033053C71598}"
EndProject
Global
	GlobalSection(SolutionConfigurationPlatforms) = preSolution
		Debug|Any CPU = Debug|Any CPU
		Release|Any CPU = Release|Any CPU
	EndGlobalSection
	GlobalSection(ProjectConfigurationPlatforms) = postSolution
		{D64F4CAA-75FD-4F44-85A4-B2EEAA241646}.Debug|Any CPU.ActiveCfg = Debug|Any CPU
		{D64F4CAA-75FD-4F44-85A4-B2EEAA241646}.Debug|Any CPU.Build.0 = Debug|Any CPU
		{D64F4CAA-75FD-4F44-85A4-B2EEAA241646}.Release|Any CPU.ActiveCfg = Release|Any CPU
		{D64F4CAA-75FD-4F44-85A4-B2EEAA241646}.Release|Any CPU.Build.0 = Release|Any CPU
		{D0AA5EB5-1830-4D48-B2A2-267D14592826}.Debug|Any CPU.ActiveCfg = Debug|Any CPU
		{D0AA5EB5-1830-4D48-B2A2-267D14592826}.Debug|Any CPU.Build.0 = Debug|Any CPU
		{D0AA5EB5-1830-4D48-B2A2-267D14592826}.Release|Any CPU.ActiveCfg = Release|Any CPU
		{D0AA5EB5-1830-4D48-B2A2-267D14592826}.Release|Any CPU.Build.0 = Release|Any CPU
		{6F72510C-FC2E-4F76-AA22-26730754C59C}.Debug|Any CPU.ActiveCfg = Debug|Any CPU
		{6F72510C-FC2E-4F76-AA22-26730754C59C}.Debug|Any CPU.Build.0 = Debug|Any CPU
		{6F72510C-FC2E-4F76-AA22-26730754C59C}.Release|Any CPU.ActiveCfg = Release|Any CPU
		{6F72510C-FC2E-4F76-AA22-26730754C59C}.Release|Any CPU.Build.0 = Release|Any CPU
		{5BDE6FAE-DF83-4663-9B02-E19A442087E5}.Debug|Any CPU.ActiveCfg = Debug|Any CPU
		{5BDE6FAE-DF83-4663-9B02-E19A442087E5}.Debug|Any CPU.Build.0 = Debug|Any CPU
		{5BDE6FAE-DF83-4663-9B02-E19A442087E5}.Release|Any CPU.ActiveCfg = Release|Any CPU
		{5BDE6FAE-DF83-4663-9B02-E19A442087E5}.Release|Any CPU.Build.0 = Release|Any CPU
		{1973686B-840C-40F7-8CA1-588CE3D6D163}.Debug|Any CPU.ActiveCfg = Debug|Any CPU
		{1973686B-840C-40F7-8CA1-588CE3D6D163}.Debug|Any CPU.Build.0 = Debug|Any CPU
		{1973686B-840C-40F7-8CA1-588CE3D6D163}.Release|Any CPU.ActiveCfg = Release|Any CPU
		{1973686B-840C-40F7-8CA1-588CE3D6D163}.Release|Any CPU.Build.0 = Release|Any CPU
		{6107BAD1-5EB7-4985-9AC8-104050A3DCCF}.Debug|Any CPU.ActiveCfg = Debug|Any CPU
		{6107BAD1-5EB7-4985-9AC8-104050A3DCCF}.Debug|Any CPU.Build.0 = Debug|Any CPU
		{6107BAD1-5EB7-4985-9AC8-104050A3DCCF}.Release|Any CPU.ActiveCfg = Release|Any CPU
		{6107BAD1-5EB7-4985-9AC8-104050A3DCCF}.Release|Any CPU.Build.0 = Release|Any CPU
		{33B3117D-B473-483C-93EE-7560C06ED906}.Debug|Any CPU.ActiveCfg = Debug|Any CPU
		{33B3117D-B473-483C-93EE-7560C06ED906}.Debug|Any CPU.Build.0 = Debug|Any CPU
		{33B3117D-B473-483C-93EE-7560C06ED906}.Release|Any CPU.ActiveCfg = Release|Any CPU
		{33B3117D-B473-483C-93EE-7560C06ED906}.Release|Any CPU.Build.0 = Release|Any CPU
		{0ADBCC60-5198-4D33-B36B-4AF9D6B69147}.Debug|Any CPU.ActiveCfg = Debug|Any CPU
		{0ADBCC60-5198-4D33-B36B-4AF9D6B69147}.Debug|Any CPU.Build.0 = Debug|Any CPU
		{0ADBCC60-5198-4D33-B36B-4AF9D6B69147}.Release|Any CPU.ActiveCfg = Release|Any CPU
		{0ADBCC60-5198-4D33-B36B-4AF9D6B69147}.Release|Any CPU.Build.0 = Release|Any CPU
		{35FE26DC-CC46-4375-9B2E-033053C71598}.Debug|Any CPU.ActiveCfg = Debug|Any CPU
		{35FE26DC-CC46-4375-9B2E-033053C71598}.Debug|Any CPU.Build.0 = Debug|Any CPU
		{35FE26DC-CC46-4375-9B2E-033053C71598}.Release|Any CPU.ActiveCfg = Release|Any CPU
		{35FE26DC-CC46-4375-9B2E-033053C71598}.Release|Any CPU.Build.0 = Release|Any CPU
	EndGlobalSection
	GlobalSection(SolutionProperties) = preSolution
		HideSolutionNode = FALSE
	EndGlobalSection
	GlobalSection(ExtensibilityGlobals) = postSolution
		SolutionGuid = {C3600A02-0D06-46E3-A7AB-0902A3DF37A5}
	EndGlobalSection
EndGlobal
